{
  "name": "@jitl/state",
  "version": "0.0.1",
  "lockfileVersion": 2,
  "requires": true,
  "packages": {
    "": {
      "name": "@jitl/state",
      "version": "0.0.1",
      "dependencies": {
        "jotai": "^1.4.9",
        "proxy-compare": "^2.0.2"
      },
      "devDependencies": {
        "@types/node": "^17.0.4"
      }
    },
    "node_modules/@types/node": {
      "version": "17.0.4",
      "resolved": "https://registry.npmjs.org/@types/node/-/node-17.0.4.tgz",
      "integrity": "sha512-6xwbrW4JJiJLgF+zNypN5wr2ykM9/jHcL7rQ8fZe2vuftggjzZeRSM4OwRc6Xk8qWjwJ99qVHo/JgOGmomWRog==",
      "dev": true
    },
    "node_modules/jotai": {
      "version": "1.4.9",
      "resolved": "https://registry.npmjs.org/jotai/-/jotai-1.4.9.tgz",
      "integrity": "sha512-NHh3UIIelfUBUjcJi+oXHoL9rISkj8LZu3eeXR5KL1VBYLOuPVK0TTTDfbgdwm5B83zpxNAhTlhb/aKlJBtP0g==",
      "engines": {
        "node": ">=12.7.0"
      },
      "peerDependencies": {
        "@babel/core": "*",
        "@babel/template": "*",
        "@urql/core": "*",
        "immer": "*",
        "optics-ts": "*",
        "react": ">=16.8",
        "react-query": "*",
        "valtio": "*",
        "wonka": "*",
        "xstate": "*"
      },
      "peerDependenciesMeta": {
        "@babel/core": {
          "optional": true
        },
        "@babel/template": {
          "optional": true
        },
        "@urql/core": {
          "optional": true
        },
        "immer": {
          "optional": true
        },
        "optics-ts": {
          "optional": true
        },
        "react-query": {
          "optional": true
        },
        "valtio": {
          "optional": true
        },
        "wonka": {
          "optional": true
        },
        "xstate": {
          "optional": true
        }
      }
    },
    "node_modules/proxy-compare": {
      "version": "2.0.2",
      "resolved": "https://registry.npmjs.org/proxy-compare/-/proxy-compare-2.0.2.tgz",
      "integrity": "sha512-3qUXJBariEj3eO90M3Rgqq3+/P5Efl0t/dl9g/1uVzIQmO3M+ql4hvNH3mYdu8H+1zcKv07YvL55tsY74jmH1A=="
    }
  },
  "dependencies": {
    "@types/node": {
      "version": "17.0.4",
      "resolved": "https://registry.npmjs.org/@types/node/-/node-17.0.4.tgz",
      "integrity": "sha512-6xwbrW4JJiJLgF+zNypN5wr2ykM9/jHcL7rQ8fZe2vuftggjzZeRSM4OwRc6Xk8qWjwJ99qVHo/JgOGmomWRog==",
      "dev": true
    },
    "jotai": {
      "version": "1.4.9",
      "resolved": "https://registry.npmjs.org/jotai/-/jotai-1.4.9.tgz",
      "integrity": "sha512-NHh3UIIelfUBUjcJi+oXHoL9rISkj8LZu3eeXR5KL1VBYLOuPVK0TTTDfbgdwm5B83zpxNAhTlhb/aKlJBtP0g==",
      "requires": {}
    },
    "proxy-compare": {
      "version": "2.0.2",
      "resolved": "https://registry.npmjs.org/proxy-compare/-/proxy-compare-2.0.2.tgz",
      "integrity": "sha512-3qUXJBariEj3eO90M3Rgqq3+/P5Efl0t/dl9g/1uVzIQmO3M+ql4hvNH3mYdu8H+1zcKv07YvL55tsY74jmH1A=="
    }
  }
}
